// !$*UTF8*$!
{
	archiveVersion = 1;
	classes = {
	};
	objectVersion = 55;
	objects = {

/* Begin PBXBuildFile section */
		1B29EDDC8D64C072D9BD74D3 /* Pods_Flixter.framework in Frameworks */ = {isa = PBXBuildFile; fileRef = 00195C0BCCE4B45DF8E7FE0E /* Pods_Flixter.framework */; };
		4CB98CFECD2F9E149A490083 /* Pods_FlixterTests.framework in Frameworks */ = {isa = PBXBuildFile; fileRef = A0938127EB41846D628835AB /* Pods_FlixterTests.framework */; };
		D073198A51C62675563F3609 /* Pods_Flixter_FlixterUITests.framework in Frameworks */ = {isa = PBXBuildFile; fileRef = 0AD6D1DEFF30E162DEA8066F /* Pods_Flixter_FlixterUITests.framework */; };
		D605A3D8285D25A60051CDA1 /* TrailerViewController.m in Sources */ = {isa = PBXBuildFile; fileRef = D605A3D7285D25A60051CDA1 /* TrailerViewController.m */; };
		D6AB9F11285BF0E7009C5448 /* AppDelegate.m in Sources */ = {isa = PBXBuildFile; fileRef = D6AB9F10285BF0E7009C5448 /* AppDelegate.m */; };
		D6AB9F14285BF0E7009C5448 /* SceneDelegate.m in Sources */ = {isa = PBXBuildFile; fileRef = D6AB9F13285BF0E7009C5448 /* SceneDelegate.m */; };
		D6AB9F1A285BF0E7009C5448 /* Main.storyboard in Resources */ = {isa = PBXBuildFile; fileRef = D6AB9F18285BF0E7009C5448 /* Main.storyboard */; };
		D6AB9F1C285BF0E8009C5448 /* Assets.xcassets in Resources */ = {isa = PBXBuildFile; fileRef = D6AB9F1B285BF0E8009C5448 /* Assets.xcassets */; };
		D6AB9F1F285BF0E8009C5448 /* LaunchScreen.storyboard in Resources */ = {isa = PBXBuildFile; fileRef = D6AB9F1D285BF0E8009C5448 /* LaunchScreen.storyboard */; };
		D6AB9F22285BF0E8009C5448 /* main.m in Sources */ = {isa = PBXBuildFile; fileRef = D6AB9F21285BF0E8009C5448 /* main.m */; };
		D6AB9F2C285BF0E9009C5448 /* FlixterTests.m in Sources */ = {isa = PBXBuildFile; fileRef = D6AB9F2B285BF0E9009C5448 /* FlixterTests.m */; };
		D6AB9F36285BF0E9009C5448 /* FlixterUITests.m in Sources */ = {isa = PBXBuildFile; fileRef = D6AB9F35285BF0E9009C5448 /* FlixterUITests.m */; };
		D6AB9F38285BF0E9009C5448 /* FlixterUITestsLaunchTests.m in Sources */ = {isa = PBXBuildFile; fileRef = D6AB9F37285BF0E9009C5448 /* FlixterUITestsLaunchTests.m */; };
		D6AB9F49285BF1D0009C5448 /* MovieCollectionCell.m in Sources */ = {isa = PBXBuildFile; fileRef = D6AB9F48285BF1D0009C5448 /* MovieCollectionCell.m */; };
		D6AB9F4C285BF221009C5448 /* MovieCell.m in Sources */ = {isa = PBXBuildFile; fileRef = D6AB9F4B285BF221009C5448 /* MovieCell.m */; };
		D6AB9F4F285BF263009C5448 /* MoviesViewController.m in Sources */ = {isa = PBXBuildFile; fileRef = D6AB9F4E285BF263009C5448 /* MoviesViewController.m */; };
		D6AB9F52285BF2F9009C5448 /* DetailsViewController.m in Sources */ = {isa = PBXBuildFile; fileRef = D6AB9F51285BF2F9009C5448 /* DetailsViewController.m */; };
		D6AB9F55285BF32D009C5448 /* MoviesGridViewController.m in Sources */ = {isa = PBXBuildFile; fileRef = D6AB9F54285BF32D009C5448 /* MoviesGridViewController.m */; };
/* End PBXBuildFile section */

/* Begin PBXContainerItemProxy section */
		D6AB9F28285BF0E9009C5448 /* PBXContainerItemProxy */ = {
			isa = PBXContainerItemProxy;
			containerPortal = D6AB9F04285BF0E7009C5448 /* Project object */;
			proxyType = 1;
			remoteGlobalIDString = D6AB9F0B285BF0E7009C5448;
			remoteInfo = Flixter;
		};
		D6AB9F32285BF0E9009C5448 /* PBXContainerItemProxy */ = {
			isa = PBXContainerItemProxy;
			containerPortal = D6AB9F04285BF0E7009C5448 /* Project object */;
			proxyType = 1;
			remoteGlobalIDString = D6AB9F0B285BF0E7009C5448;
			remoteInfo = Flixter;
		};
/* End PBXContainerItemProxy section */

/* Begin PBXFileReference section */
		00195C0BCCE4B45DF8E7FE0E /* Pods_Flixter.framework */ = {isa = PBXFileReference; explicitFileType = wrapper.framework; includeInIndex = 0; path = Pods_Flixter.framework; sourceTree = BUILT_PRODUCTS_DIR; };
		07F1813631648095F6031507 /* Pods-FlixterTests.debug.xcconfig */ = {isa = PBXFileReference; includeInIndex = 1; lastKnownFileType = text.xcconfig; name = "Pods-FlixterTests.debug.xcconfig"; path = "Target Support Files/Pods-FlixterTests/Pods-FlixterTests.debug.xcconfig"; sourceTree = "<group>"; };
		0AD6D1DEFF30E162DEA8066F /* Pods_Flixter_FlixterUITests.framework */ = {isa = PBXFileReference; explicitFileType = wrapper.framework; includeInIndex = 0; path = Pods_Flixter_FlixterUITests.framework; sourceTree = BUILT_PRODUCTS_DIR; };
		5DA5D2046D85CD1BBB7FB6FA /* Pods-FlixterTests.release.xcconfig */ = {isa = PBXFileReference; includeInIndex = 1; lastKnownFileType = text.xcconfig; name = "Pods-FlixterTests.release.xcconfig"; path = "Target Support Files/Pods-FlixterTests/Pods-FlixterTests.release.xcconfig"; sourceTree = "<group>"; };
		7396077CF2FE4EE0D1091C09 /* Pods-Flixter.release.xcconfig */ = {isa = PBXFileReference; includeInIndex = 1; lastKnownFileType = text.xcconfig; name = "Pods-Flixter.release.xcconfig"; path = "Target Support Files/Pods-Flixter/Pods-Flixter.release.xcconfig"; sourceTree = "<group>"; };
		A0938127EB41846D628835AB /* Pods_FlixterTests.framework */ = {isa = PBXFileReference; explicitFileType = wrapper.framework; includeInIndex = 0; path = Pods_FlixterTests.framework; sourceTree = BUILT_PRODUCTS_DIR; };
		AF401F6E5E2EF4AE86837C36 /* Pods-Flixter-FlixterUITests.debug.xcconfig */ = {isa = PBXFileReference; includeInIndex = 1; lastKnownFileType = text.xcconfig; name = "Pods-Flixter-FlixterUITests.debug.xcconfig"; path = "Target Support Files/Pods-Flixter-FlixterUITests/Pods-Flixter-FlixterUITests.debug.xcconfig"; sourceTree = "<group>"; };
		C9496F1A2A7DA662F4CCD45F /* Pods-Flixter-FlixterUITests.release.xcconfig */ = {isa = PBXFileReference; includeInIndex = 1; lastKnownFileType = text.xcconfig; name = "Pods-Flixter-FlixterUITests.release.xcconfig"; path = "Target Support Files/Pods-Flixter-FlixterUITests/Pods-Flixter-FlixterUITests.release.xcconfig"; sourceTree = "<group>"; };
		CD5A7AC0B4B8BA4C7D8EEE0D /* Pods-Flixter.debug.xcconfig */ = {isa = PBXFileReference; includeInIndex = 1; lastKnownFileType = text.xcconfig; name = "Pods-Flixter.debug.xcconfig"; path = "Target Support Files/Pods-Flixter/Pods-Flixter.debug.xcconfig"; sourceTree = "<group>"; };
		D605A3D5285CF0B00051CDA1 /* README.md */ = {isa = PBXFileReference; lastKnownFileType = net.daringfireball.markdown; path = README.md; sourceTree = "<group>"; };
		D605A3D6285D25A60051CDA1 /* TrailerViewController.h */ = {isa = PBXFileReference; lastKnownFileType = sourcecode.c.h; path = TrailerViewController.h; sourceTree = "<group>"; };
		D605A3D7285D25A60051CDA1 /* TrailerViewController.m */ = {isa = PBXFileReference; lastKnownFileType = sourcecode.c.objc; path = TrailerViewController.m; sourceTree = "<group>"; };
		D6AB9F0C285BF0E7009C5448 /* Flixter.app */ = {isa = PBXFileReference; explicitFileType = wrapper.application; includeInIndex = 0; path = Flixter.app; sourceTree = BUILT_PRODUCTS_DIR; };
		D6AB9F0F285BF0E7009C5448 /* AppDelegate.h */ = {isa = PBXFileReference; lastKnownFileType = sourcecode.c.h; path = AppDelegate.h; sourceTree = "<group>"; };
		D6AB9F10285BF0E7009C5448 /* AppDelegate.m */ = {isa = PBXFileReference; lastKnownFileType = sourcecode.c.objc; path = AppDelegate.m; sourceTree = "<group>"; };
		D6AB9F12285BF0E7009C5448 /* SceneDelegate.h */ = {isa = PBXFileReference; lastKnownFileType = sourcecode.c.h; path = SceneDelegate.h; sourceTree = "<group>"; };
		D6AB9F13285BF0E7009C5448 /* SceneDelegate.m */ = {isa = PBXFileReference; lastKnownFileType = sourcecode.c.objc; path = SceneDelegate.m; sourceTree = "<group>"; };
		D6AB9F19285BF0E7009C5448 /* Base */ = {isa = PBXFileReference; lastKnownFileType = file.storyboard; name = Base; path = Base.lproj/Main.storyboard; sourceTree = "<group>"; };
		D6AB9F1B285BF0E8009C5448 /* Assets.xcassets */ = {isa = PBXFileReference; lastKnownFileType = folder.assetcatalog; path = Assets.xcassets; sourceTree = "<group>"; };
		D6AB9F1E285BF0E8009C5448 /* Base */ = {isa = PBXFileReference; lastKnownFileType = file.storyboard; name = Base; path = Base.lproj/LaunchScreen.storyboard; sourceTree = "<group>"; };
		D6AB9F20285BF0E8009C5448 /* Info.plist */ = {isa = PBXFileReference; lastKnownFileType = text.plist.xml; path = Info.plist; sourceTree = "<group>"; };
		D6AB9F21285BF0E8009C5448 /* main.m */ = {isa = PBXFileReference; lastKnownFileType = sourcecode.c.objc; path = main.m; sourceTree = "<group>"; };
		D6AB9F27285BF0E9009C5448 /* FlixterTests.xctest */ = {isa = PBXFileReference; explicitFileType = wrapper.cfbundle; includeInIndex = 0; path = FlixterTests.xctest; sourceTree = BUILT_PRODUCTS_DIR; };
		D6AB9F2B285BF0E9009C5448 /* FlixterTests.m */ = {isa = PBXFileReference; lastKnownFileType = sourcecode.c.objc; path = FlixterTests.m; sourceTree = "<group>"; };
		D6AB9F31285BF0E9009C5448 /* FlixterUITests.xctest */ = {isa = PBXFileReference; explicitFileType = wrapper.cfbundle; includeInIndex = 0; path = FlixterUITests.xctest; sourceTree = BUILT_PRODUCTS_DIR; };
		D6AB9F35285BF0E9009C5448 /* FlixterUITests.m */ = {isa = PBXFileReference; lastKnownFileType = sourcecode.c.objc; path = FlixterUITests.m; sourceTree = "<group>"; };
		D6AB9F37285BF0E9009C5448 /* FlixterUITestsLaunchTests.m */ = {isa = PBXFileReference; lastKnownFileType = sourcecode.c.objc; path = FlixterUITestsLaunchTests.m; sourceTree = "<group>"; };
		D6AB9F47285BF1D0009C5448 /* MovieCollectionCell.h */ = {isa = PBXFileReference; lastKnownFileType = sourcecode.c.h; path = MovieCollectionCell.h; sourceTree = "<group>"; };
		D6AB9F48285BF1D0009C5448 /* MovieCollectionCell.m */ = {isa = PBXFileReference; lastKnownFileType = sourcecode.c.objc; path = MovieCollectionCell.m; sourceTree = "<group>"; };
		D6AB9F4A285BF221009C5448 /* MovieCell.h */ = {isa = PBXFileReference; lastKnownFileType = sourcecode.c.h; path = MovieCell.h; sourceTree = "<group>"; };
		D6AB9F4B285BF221009C5448 /* MovieCell.m */ = {isa = PBXFileReference; lastKnownFileType = sourcecode.c.objc; path = MovieCell.m; sourceTree = "<group>"; };
		D6AB9F4D285BF263009C5448 /* MoviesViewController.h */ = {isa = PBXFileReference; lastKnownFileType = sourcecode.c.h; path = MoviesViewController.h; sourceTree = "<group>"; };
		D6AB9F4E285BF263009C5448 /* MoviesViewController.m */ = {isa = PBXFileReference; lastKnownFileType = sourcecode.c.objc; path = MoviesViewController.m; sourceTree = "<group>"; };
		D6AB9F50285BF2F9009C5448 /* DetailsViewController.h */ = {isa = PBXFileReference; lastKnownFileType = sourcecode.c.h; path = DetailsViewController.h; sourceTree = "<group>"; };
		D6AB9F51285BF2F9009C5448 /* DetailsViewController.m */ = {isa = PBXFileReference; lastKnownFileType = sourcecode.c.objc; path = DetailsViewController.m; sourceTree = "<group>"; };
		D6AB9F53285BF32D009C5448 /* MoviesGridViewController.h */ = {isa = PBXFileReference; lastKnownFileType = sourcecode.c.h; path = MoviesGridViewController.h; sourceTree = "<group>"; };
		D6AB9F54285BF32D009C5448 /* MoviesGridViewController.m */ = {isa = PBXFileReference; lastKnownFileType = sourcecode.c.objc; path = MoviesGridViewController.m; sourceTree = "<group>"; };
/* End PBXFileReference section */

/* Begin PBXFrameworksBuildPhase section */
		D6AB9F09285BF0E7009C5448 /* Frameworks */ = {
			isa = PBXFrameworksBuildPhase;
			buildActionMask = 2147483647;
			files = (
				1B29EDDC8D64C072D9BD74D3 /* Pods_Flixter.framework in Frameworks */,
			);
			runOnlyForDeploymentPostprocessing = 0;
		};
		D6AB9F24285BF0E9009C5448 /* Frameworks */ = {
			isa = PBXFrameworksBuildPhase;
			buildActionMask = 2147483647;
			files = (
				4CB98CFECD2F9E149A490083 /* Pods_FlixterTests.framework in Frameworks */,
			);
			runOnlyForDeploymentPostprocessing = 0;
		};
		D6AB9F2E285BF0E9009C5448 /* Frameworks */ = {
			isa = PBXFrameworksBuildPhase;
			buildActionMask = 2147483647;
			files = (
				D073198A51C62675563F3609 /* Pods_Flixter_FlixterUITests.framework in Frameworks */,
			);
			runOnlyForDeploymentPostprocessing = 0;
		};
/* End PBXFrameworksBuildPhase section */

/* Begin PBXGroup section */
		01563CFE54095FAD6568F109 /* Pods */ = {
			isa = PBXGroup;
			children = (
				CD5A7AC0B4B8BA4C7D8EEE0D /* Pods-Flixter.debug.xcconfig */,
				7396077CF2FE4EE0D1091C09 /* Pods-Flixter.release.xcconfig */,
				AF401F6E5E2EF4AE86837C36 /* Pods-Flixter-FlixterUITests.debug.xcconfig */,
				C9496F1A2A7DA662F4CCD45F /* Pods-Flixter-FlixterUITests.release.xcconfig */,
				07F1813631648095F6031507 /* Pods-FlixterTests.debug.xcconfig */,
				5DA5D2046D85CD1BBB7FB6FA /* Pods-FlixterTests.release.xcconfig */,
			);
			path = Pods;
			sourceTree = "<group>";
		};
		A189E616131FEEFA1345AD2C /* Frameworks */ = {
			isa = PBXGroup;
			children = (
				00195C0BCCE4B45DF8E7FE0E /* Pods_Flixter.framework */,
				0AD6D1DEFF30E162DEA8066F /* Pods_Flixter_FlixterUITests.framework */,
				A0938127EB41846D628835AB /* Pods_FlixterTests.framework */,
			);
			name = Frameworks;
			sourceTree = "<group>";
		};
		D6AB9F03285BF0E7009C5448 = {
			isa = PBXGroup;
			children = (
				D605A3D5285CF0B00051CDA1 /* README.md */,
				D6AB9F0E285BF0E7009C5448 /* Flixter */,
				D6AB9F2A285BF0E9009C5448 /* FlixterTests */,
				D6AB9F34285BF0E9009C5448 /* FlixterUITests */,
				D6AB9F0D285BF0E7009C5448 /* Products */,
				01563CFE54095FAD6568F109 /* Pods */,
				A189E616131FEEFA1345AD2C /* Frameworks */,
			);
			sourceTree = "<group>";
		};
		D6AB9F0D285BF0E7009C5448 /* Products */ = {
			isa = PBXGroup;
			children = (
				D6AB9F0C285BF0E7009C5448 /* Flixter.app */,
				D6AB9F27285BF0E9009C5448 /* FlixterTests.xctest */,
				D6AB9F31285BF0E9009C5448 /* FlixterUITests.xctest */,
			);
			name = Products;
			sourceTree = "<group>";
		};
		D6AB9F0E285BF0E7009C5448 /* Flixter */ = {
			isa = PBXGroup;
			children = (
				D6AB9F0F285BF0E7009C5448 /* AppDelegate.h */,
				D6AB9F10285BF0E7009C5448 /* AppDelegate.m */,
				D6AB9F12285BF0E7009C5448 /* SceneDelegate.h */,
				D6AB9F13285BF0E7009C5448 /* SceneDelegate.m */,
				D6AB9F18285BF0E7009C5448 /* Main.storyboard */,
				D6AB9F1B285BF0E8009C5448 /* Assets.xcassets */,
				D6AB9F1D285BF0E8009C5448 /* LaunchScreen.storyboard */,
				D6AB9F20285BF0E8009C5448 /* Info.plist */,
				D6AB9F21285BF0E8009C5448 /* main.m */,
				D6AB9F47285BF1D0009C5448 /* MovieCollectionCell.h */,
				D6AB9F48285BF1D0009C5448 /* MovieCollectionCell.m */,
				D6AB9F4A285BF221009C5448 /* MovieCell.h */,
				D6AB9F4B285BF221009C5448 /* MovieCell.m */,
				D6AB9F4D285BF263009C5448 /* MoviesViewController.h */,
				D6AB9F4E285BF263009C5448 /* MoviesViewController.m */,
				D6AB9F50285BF2F9009C5448 /* DetailsViewController.h */,
				D6AB9F51285BF2F9009C5448 /* DetailsViewController.m */,
				D6AB9F53285BF32D009C5448 /* MoviesGridViewController.h */,
				D6AB9F54285BF32D009C5448 /* MoviesGridViewController.m */,
				D605A3D6285D25A60051CDA1 /* TrailerViewController.h */,
				D605A3D7285D25A60051CDA1 /* TrailerViewController.m */,
			);
			path = Flixter;
			sourceTree = "<group>";
		};
		D6AB9F2A285BF0E9009C5448 /* FlixterTests */ = {
			isa = PBXGroup;
			children = (
				D6AB9F2B285BF0E9009C5448 /* FlixterTests.m */,
			);
			path = FlixterTests;
			sourceTree = "<group>";
		};
		D6AB9F34285BF0E9009C5448 /* FlixterUITests */ = {
			isa = PBXGroup;
			children = (
				D6AB9F35285BF0E9009C5448 /* FlixterUITests.m */,
				D6AB9F37285BF0E9009C5448 /* FlixterUITestsLaunchTests.m */,
			);
			path = FlixterUITests;
			sourceTree = "<group>";
		};
/* End PBXGroup section */

/* Begin PBXNativeTarget section */
		D6AB9F0B285BF0E7009C5448 /* Flixter */ = {
			isa = PBXNativeTarget;
			buildConfigurationList = D6AB9F3B285BF0E9009C5448 /* Build configuration list for PBXNativeTarget "Flixter" */;
			buildPhases = (
				FF4C09FC69705046D275C9B7 /* [CP] Check Pods Manifest.lock */,
				D6AB9F08285BF0E7009C5448 /* Sources */,
				D6AB9F09285BF0E7009C5448 /* Frameworks */,
				D6AB9F0A285BF0E7009C5448 /* Resources */,
				F52AAD7F1D8235E24912B82D /* [CP] Embed Pods Frameworks */,
			);
			buildRules = (
			);
			dependencies = (
			);
			name = Flixter;
			productName = Flixter;
			productReference = D6AB9F0C285BF0E7009C5448 /* Flixter.app */;
			productType = "com.apple.product-type.application";
		};
		D6AB9F26285BF0E9009C5448 /* FlixterTests */ = {
			isa = PBXNativeTarget;
			buildConfigurationList = D6AB9F3E285BF0E9009C5448 /* Build configuration list for PBXNativeTarget "FlixterTests" */;
			buildPhases = (
				EF9B0028B14606F7EF39C889 /* [CP] Check Pods Manifest.lock */,
				D6AB9F23285BF0E9009C5448 /* Sources */,
				D6AB9F24285BF0E9009C5448 /* Frameworks */,
				D6AB9F25285BF0E9009C5448 /* Resources */,
			);
			buildRules = (
			);
			dependencies = (
				D6AB9F29285BF0E9009C5448 /* PBXTargetDependency */,
			);
			name = FlixterTests;
			productName = FlixterTests;
			productReference = D6AB9F27285BF0E9009C5448 /* FlixterTests.xctest */;
			productType = "com.apple.product-type.bundle.unit-test";
		};
		D6AB9F30285BF0E9009C5448 /* FlixterUITests */ = {
			isa = PBXNativeTarget;
			buildConfigurationList = D6AB9F41285BF0E9009C5448 /* Build configuration list for PBXNativeTarget "FlixterUITests" */;
			buildPhases = (
				08F32DA9BC6AF2DBFE27A497 /* [CP] Check Pods Manifest.lock */,
				D6AB9F2D285BF0E9009C5448 /* Sources */,
				D6AB9F2E285BF0E9009C5448 /* Frameworks */,
				D6AB9F2F285BF0E9009C5448 /* Resources */,
				4FA1C4EBFC163BB52AA3F641 /* [CP] Embed Pods Frameworks */,
			);
			buildRules = (
			);
			dependencies = (
				D6AB9F33285BF0E9009C5448 /* PBXTargetDependency */,
			);
			name = FlixterUITests;
			productName = FlixterUITests;
			productReference = D6AB9F31285BF0E9009C5448 /* FlixterUITests.xctest */;
			productType = "com.apple.product-type.bundle.ui-testing";
		};
/* End PBXNativeTarget section */

/* Begin PBXProject section */
		D6AB9F04285BF0E7009C5448 /* Project object */ = {
			isa = PBXProject;
			attributes = {
				BuildIndependentTargetsInParallel = 1;
				LastUpgradeCheck = 1340;
				TargetAttributes = {
					D6AB9F0B285BF0E7009C5448 = {
						CreatedOnToolsVersion = 13.4.1;
					};
					D6AB9F26285BF0E9009C5448 = {
						CreatedOnToolsVersion = 13.4.1;
						TestTargetID = D6AB9F0B285BF0E7009C5448;
					};
					D6AB9F30285BF0E9009C5448 = {
						CreatedOnToolsVersion = 13.4.1;
						TestTargetID = D6AB9F0B285BF0E7009C5448;
					};
				};
			};
			buildConfigurationList = D6AB9F07285BF0E7009C5448 /* Build configuration list for PBXProject "Flixter" */;
			compatibilityVersion = "Xcode 13.0";
			developmentRegion = en;
			hasScannedForEncodings = 0;
			knownRegions = (
				en,
				Base,
			);
			mainGroup = D6AB9F03285BF0E7009C5448;
			productRefGroup = D6AB9F0D285BF0E7009C5448 /* Products */;
			projectDirPath = "";
			projectRoot = "";
			targets = (
				D6AB9F0B285BF0E7009C5448 /* Flixter */,
				D6AB9F26285BF0E9009C5448 /* FlixterTests */,
				D6AB9F30285BF0E9009C5448 /* FlixterUITests */,
			);
		};
/* End PBXProject section */

/* Begin PBXResourcesBuildPhase section */
		D6AB9F0A285BF0E7009C5448 /* Resources */ = {
			isa = PBXResourcesBuildPhase;
			buildActionMask = 2147483647;
			files = (
				D6AB9F1F285BF0E8009C5448 /* LaunchScreen.storyboard in Resources */,
				D6AB9F1C285BF0E8009C5448 /* Assets.xcassets in Resources */,
				D6AB9F1A285BF0E7009C5448 /* Main.storyboard in Resources */,
			);
			runOnlyForDeploymentPostprocessing = 0;
		};
		D6AB9F25285BF0E9009C5448 /* Resources */ = {
			isa = PBXResourcesBuildPhase;
			buildActionMask = 2147483647;
			files = (
			);
			runOnlyForDeploymentPostprocessing = 0;
		};
		D6AB9F2F285BF0E9009C5448 /* Resources */ = {
			isa = PBXResourcesBuildPhase;
			buildActionMask = 2147483647;
			files = (
			);
			runOnlyForDeploymentPostprocessing = 0;
		};
/* End PBXResourcesBuildPhase section */

/* Begin PBXShellScriptBuildPhase section */
		08F32DA9BC6AF2DBFE27A497 /* [CP] Check Pods Manifest.lock */ = {
			isa = PBXShellScriptBuildPhase;
			buildActionMask = 2147483647;
			files = (
			);
			inputFileListPaths = (
			);
			inputPaths = (
				"${PODS_PODFILE_DIR_PATH}/Podfile.lock",
				"${PODS_ROOT}/Manifest.lock",
			);
			name = "[CP] Check Pods Manifest.lock";
			outputFileListPaths = (
			);
			outputPaths = (
				"$(DERIVED_FILE_DIR)/Pods-Flixter-FlixterUITests-checkManifestLockResult.txt",
			);
			runOnlyForDeploymentPostprocessing = 0;
			shellPath = /bin/sh;
			shellScript = "diff \"${PODS_PODFILE_DIR_PATH}/Podfile.lock\" \"${PODS_ROOT}/Manifest.lock\" > /dev/null\nif [ $? != 0 ] ; then\n    # print error to STDERR\n    echo \"error: The sandbox is not in sync with the Podfile.lock. Run 'pod install' or update your CocoaPods installation.\" >&2\n    exit 1\nfi\n# This output is used by Xcode 'outputs' to avoid re-running this script phase.\necho \"SUCCESS\" > \"${SCRIPT_OUTPUT_FILE_0}\"\n";
			showEnvVarsInLog = 0;
		};
		4FA1C4EBFC163BB52AA3F641 /* [CP] Embed Pods Frameworks */ = {
			isa = PBXShellScriptBuildPhase;
			buildActionMask = 2147483647;
			files = (
			);
			inputFileListPaths = (
				"${PODS_ROOT}/Target Support Files/Pods-Flixter-FlixterUITests/Pods-Flixter-FlixterUITests-frameworks-${CONFIGURATION}-input-files.xcfilelist",
			);
			name = "[CP] Embed Pods Frameworks";
			outputFileListPaths = (
				"${PODS_ROOT}/Target Support Files/Pods-Flixter-FlixterUITests/Pods-Flixter-FlixterUITests-frameworks-${CONFIGURATION}-output-files.xcfilelist",
			);
			runOnlyForDeploymentPostprocessing = 0;
			shellPath = /bin/sh;
			shellScript = "\"${PODS_ROOT}/Target Support Files/Pods-Flixter-FlixterUITests/Pods-Flixter-FlixterUITests-frameworks.sh\"\n";
			showEnvVarsInLog = 0;
		};
		EF9B0028B14606F7EF39C889 /* [CP] Check Pods Manifest.lock */ = {
			isa = PBXShellScriptBuildPhase;
			buildActionMask = 2147483647;
			files = (
			);
			inputFileListPaths = (
			);
			inputPaths = (
				"${PODS_PODFILE_DIR_PATH}/Podfile.lock",
				"${PODS_ROOT}/Manifest.lock",
			);
			name = "[CP] Check Pods Manifest.lock";
			outputFileListPaths = (
			);
			outputPaths = (
				"$(DERIVED_FILE_DIR)/Pods-FlixterTests-checkManifestLockResult.txt",
			);
			runOnlyForDeploymentPostprocessing = 0;
			shellPath = /bin/sh;
			shellScript = "diff \"${PODS_PODFILE_DIR_PATH}/Podfile.lock\" \"${PODS_ROOT}/Manifest.lock\" > /dev/null\nif [ $? != 0 ] ; then\n    # print error to STDERR\n    echo \"error: The sandbox is not in sync with the Podfile.lock. Run 'pod install' or update your CocoaPods installation.\" >&2\n    exit 1\nfi\n# This output is used by Xcode 'outputs' to avoid re-running this script phase.\necho \"SUCCESS\" > \"${SCRIPT_OUTPUT_FILE_0}\"\n";
			showEnvVarsInLog = 0;
		};
		F52AAD7F1D8235E24912B82D /* [CP] Embed Pods Frameworks */ = {
			isa = PBXShellScriptBuildPhase;
			buildActionMask = 2147483647;
			files = (
			);
			inputFileListPaths = (
				"${PODS_ROOT}/Target Support Files/Pods-Flixter/Pods-Flixter-frameworks-${CONFIGURATION}-input-files.xcfilelist",
			);
			name = "[CP] Embed Pods Frameworks";
			outputFileListPaths = (
				"${PODS_ROOT}/Target Support Files/Pods-Flixter/Pods-Flixter-frameworks-${CONFIGURATION}-output-files.xcfilelist",
			);
			runOnlyForDeploymentPostprocessing = 0;
			shellPath = /bin/sh;
			shellScript = "\"${PODS_ROOT}/Target Support Files/Pods-Flixter/Pods-Flixter-frameworks.sh\"\n";
			showEnvVarsInLog = 0;
		};
		FF4C09FC69705046D275C9B7 /* [CP] Check Pods Manifest.lock */ = {
			isa = PBXShellScriptBuildPhase;
			buildActionMask = 2147483647;
			files = (
			);
			inputFileListPaths = (
			);
			inputPaths = (
				"${PODS_PODFILE_DIR_PATH}/Podfile.lock",
				"${PODS_ROOT}/Manifest.lock",
			);
			name = "[CP] Check Pods Manifest.lock";
			outputFileListPaths = (
			);
			outputPaths = (
				"$(DERIVED_FILE_DIR)/Pods-Flixter-checkManifestLockResult.txt",
			);
			runOnlyForDeploymentPostprocessing = 0;
			shellPath = /bin/sh;
			shellScript = "diff \"${PODS_PODFILE_DIR_PATH}/Podfile.lock\" \"${PODS_ROOT}/Manifest.lock\" > /dev/null\nif [ $? != 0 ] ; then\n    # print error to STDERR\n    echo \"error: The sandbox is not in sync with the Podfile.lock. Run 'pod install' or update your CocoaPods installation.\" >&2\n    exit 1\nfi\n# This output is used by Xcode 'outputs' to avoid re-running this script phase.\necho \"SUCCESS\" > \"${SCRIPT_OUTPUT_FILE_0}\"\n";
			showEnvVarsInLog = 0;
		};
/* End PBXShellScriptBuildPhase section */

/* Begin PBXSourcesBuildPhase section */
		D6AB9F08285BF0E7009C5448 /* Sources */ = {
			isa = PBXSourcesBuildPhase;
			buildActionMask = 2147483647;
			files = (
				D6AB9F49285BF1D0009C5448 /* MovieCollectionCell.m in Sources */,
				D6AB9F55285BF32D009C5448 /* MoviesGridViewController.m in Sources */,
				D6AB9F4C285BF221009C5448 /* MovieCell.m in Sources */,
				D6AB9F11285BF0E7009C5448 /* AppDelegate.m in Sources */,
				D6AB9F22285BF0E8009C5448 /* main.m in Sources */,
				D6AB9F4F285BF263009C5448 /* MoviesViewController.m in Sources */,
				D6AB9F14285BF0E7009C5448 /* SceneDelegate.m in Sources */,
				D605A3D8285D25A60051CDA1 /* TrailerViewController.m in Sources */,
				D6AB9F52285BF2F9009C5448 /* DetailsViewController.m in Sources */,
			);
			runOnlyForDeploymentPostprocessing = 0;
		};
		D6AB9F23285BF0E9009C5448 /* Sources */ = {
			isa = PBXSourcesBuildPhase;
			buildActionMask = 2147483647;
			files = (
				D6AB9F2C285BF0E9009C5448 /* FlixterTests.m in Sources */,
			);
			runOnlyForDeploymentPostprocessing = 0;
		};
		D6AB9F2D285BF0E9009C5448 /* Sources */ = {
			isa = PBXSourcesBuildPhase;
			buildActionMask = 2147483647;
			files = (
				D6AB9F36285BF0E9009C5448 /* FlixterUITests.m in Sources */,
				D6AB9F38285BF0E9009C5448 /* FlixterUITestsLaunchTests.m in Sources */,
			);
			runOnlyForDeploymentPostprocessing = 0;
		};
/* End PBXSourcesBuildPhase section */

/* Begin PBXTargetDependency section */
		D6AB9F29285BF0E9009C5448 /* PBXTargetDependency */ = {
			isa = PBXTargetDependency;
			target = D6AB9F0B285BF0E7009C5448 /* Flixter */;
			targetProxy = D6AB9F28285BF0E9009C5448 /* PBXContainerItemProxy */;
		};
		D6AB9F33285BF0E9009C5448 /* PBXTargetDependency */ = {
			isa = PBXTargetDependency;
			target = D6AB9F0B285BF0E7009C5448 /* Flixter */;
			targetProxy = D6AB9F32285BF0E9009C5448 /* PBXContainerItemProxy */;
		};
/* End PBXTargetDependency section */

/* Begin PBXVariantGroup section */
		D6AB9F18285BF0E7009C5448 /* Main.storyboard */ = {
			isa = PBXVariantGroup;
			children = (
				D6AB9F19285BF0E7009C5448 /* Base */,
			);
			name = Main.storyboard;
			sourceTree = "<group>";
		};
		D6AB9F1D285BF0E8009C5448 /* LaunchScreen.storyboard */ = {
			isa = PBXVariantGroup;
			children = (
				D6AB9F1E285BF0E8009C5448 /* Base */,
			);
			name = LaunchScreen.storyboard;
			sourceTree = "<group>";
		};
/* End PBXVariantGroup section */

/* Begin XCBuildConfiguration section */
		D6AB9F39285BF0E9009C5448 /* Debug */ = {
			isa = XCBuildConfiguration;
			buildSettings = {
				ALWAYS_SEARCH_USER_PATHS = NO;
				CLANG_ANALYZER_NONNULL = YES;
				CLANG_ANALYZER_NUMBER_OBJECT_CONVERSION = YES_AGGRESSIVE;
				CLANG_CXX_LANGUAGE_STANDARD = "gnu++17";
				CLANG_ENABLE_MODULES = YES;
				CLANG_ENABLE_OBJC_ARC = YES;
				CLANG_ENABLE_OBJC_WEAK = YES;
				CLANG_WARN_BLOCK_CAPTURE_AUTORELEASING = YES;
				CLANG_WARN_BOOL_CONVERSION = YES;
				CLANG_WARN_COMMA = YES;
				CLANG_WARN_CONSTANT_CONVERSION = YES;
				CLANG_WARN_DEPRECATED_OBJC_IMPLEMENTATIONS = YES;
				CLANG_WARN_DIRECT_OBJC_ISA_USAGE = YES_ERROR;
				CLANG_WARN_DOCUMENTATION_COMMENTS = YES;
				CLANG_WARN_EMPTY_BODY = YES;
				CLANG_WARN_ENUM_CONVERSION = YES;
				CLANG_WARN_INFINITE_RECURSION = YES;
				CLANG_WARN_INT_CONVERSION = YES;
				CLANG_WARN_NON_LITERAL_NULL_CONVERSION = YES;
				CLANG_WARN_OBJC_IMPLICIT_RETAIN_SELF = YES;
				CLANG_WARN_OBJC_LITERAL_CONVERSION = YES;
				CLANG_WARN_OBJC_ROOT_CLASS = YES_ERROR;
				CLANG_WARN_QUOTED_INCLUDE_IN_FRAMEWORK_HEADER = YES;
				CLANG_WARN_RANGE_LOOP_ANALYSIS = YES;
				CLANG_WARN_STRICT_PROTOTYPES = YES;
				CLANG_WARN_SUSPICIOUS_MOVE = YES;
				CLANG_WARN_UNGUARDED_AVAILABILITY = YES_AGGRESSIVE;
				CLANG_WARN_UNREACHABLE_CODE = YES;
				CLANG_WARN__DUPLICATE_METHOD_MATCH = YES;
				COPY_PHASE_STRIP = NO;
				DEBUG_INFORMATION_FORMAT = dwarf;
				ENABLE_STRICT_OBJC_MSGSEND = YES;
				ENABLE_TESTABILITY = YES;
				GCC_C_LANGUAGE_STANDARD = gnu11;
				GCC_DYNAMIC_NO_PIC = NO;
				GCC_NO_COMMON_BLOCKS = YES;
				GCC_OPTIMIZATION_LEVEL = 0;
				GCC_PREPROCESSOR_DEFINITIONS = (
					"DEBUG=1",
					"$(inherited)",
				);
				GCC_WARN_64_TO_32_BIT_CONVERSION = YES;
				GCC_WARN_ABOUT_RETURN_TYPE = YES_ERROR;
				GCC_WARN_UNDECLARED_SELECTOR = YES;
				GCC_WARN_UNINITIALIZED_AUTOS = YES_AGGRESSIVE;
				GCC_WARN_UNUSED_FUNCTION = YES;
				GCC_WARN_UNUSED_VARIABLE = YES;
				IPHONEOS_DEPLOYMENT_TARGET = 15.5;
				MTL_ENABLE_DEBUG_INFO = INCLUDE_SOURCE;
				MTL_FAST_MATH = YES;
				ONLY_ACTIVE_ARCH = YES;
				SDKROOT = iphoneos;
			};
			name = Debug;
		};
		D6AB9F3A285BF0E9009C5448 /* Release */ = {
			isa = XCBuildConfiguration;
			buildSettings = {
				ALWAYS_SEARCH_USER_PATHS = NO;
				CLANG_ANALYZER_NONNULL = YES;
				CLANG_ANALYZER_NUMBER_OBJECT_CONVERSION = YES_AGGRESSIVE;
				CLANG_CXX_LANGUAGE_STANDARD = "gnu++17";
				CLANG_ENABLE_MODULES = YES;
				CLANG_ENABLE_OBJC_ARC = YES;
				CLANG_ENABLE_OBJC_WEAK = YES;
				CLANG_WARN_BLOCK_CAPTURE_AUTORELEASING = YES;
				CLANG_WARN_BOOL_CONVERSION = YES;
				CLANG_WARN_COMMA = YES;
				CLANG_WARN_CONSTANT_CONVERSION = YES;
				CLANG_WARN_DEPRECATED_OBJC_IMPLEMENTATIONS = YES;
				CLANG_WARN_DIRECT_OBJC_ISA_USAGE = YES_ERROR;
				CLANG_WARN_DOCUMENTATION_COMMENTS = YES;
				CLANG_WARN_EMPTY_BODY = YES;
				CLANG_WARN_ENUM_CONVERSION = YES;
				CLANG_WARN_INFINITE_RECURSION = YES;
				CLANG_WARN_INT_CONVERSION = YES;
				CLANG_WARN_NON_LITERAL_NULL_CONVERSION = YES;
				CLANG_WARN_OBJC_IMPLICIT_RETAIN_SELF = YES;
				CLANG_WARN_OBJC_LITERAL_CONVERSION = YES;
				CLANG_WARN_OBJC_ROOT_CLASS = YES_ERROR;
				CLANG_WARN_QUOTED_INCLUDE_IN_FRAMEWORK_HEADER = YES;
				CLANG_WARN_RANGE_LOOP_ANALYSIS = YES;
				CLANG_WARN_STRICT_PROTOTYPES = YES;
				CLANG_WARN_SUSPICIOUS_MOVE = YES;
				CLANG_WARN_UNGUARDED_AVAILABILITY = YES_AGGRESSIVE;
				CLANG_WARN_UNREACHABLE_CODE = YES;
				CLANG_WARN__DUPLICATE_METHOD_MATCH = YES;
				COPY_PHASE_STRIP = NO;
				DEBUG_INFORMATION_FORMAT = "dwarf-with-dsym";
				ENABLE_NS_ASSERTIONS = NO;
				ENABLE_STRICT_OBJC_MSGSEND = YES;
				GCC_C_LANGUAGE_STANDARD = gnu11;
				GCC_NO_COMMON_BLOCKS = YES;
				GCC_WARN_64_TO_32_BIT_CONVERSION = YES;
				GCC_WARN_ABOUT_RETURN_TYPE = YES_ERROR;
				GCC_WARN_UNDECLARED_SELECTOR = YES;
				GCC_WARN_UNINITIALIZED_AUTOS = YES_AGGRESSIVE;
				GCC_WARN_UNUSED_FUNCTION = YES;
				GCC_WARN_UNUSED_VARIABLE = YES;
				IPHONEOS_DEPLOYMENT_TARGET = 15.5;
				MTL_ENABLE_DEBUG_INFO = NO;
				MTL_FAST_MATH = YES;
				SDKROOT = iphoneos;
				VALIDATE_PRODUCT = YES;
			};
			name = Release;
		};
		D6AB9F3C285BF0E9009C5448 /* Debug */ = {
			isa = XCBuildConfiguration;
			baseConfigurationReference = CD5A7AC0B4B8BA4C7D8EEE0D /* Pods-Flixter.debug.xcconfig */;
			buildSettings = {
				ASSETCATALOG_COMPILER_APPICON_NAME = AppIcon;
				ASSETCATALOG_COMPILER_GLOBAL_ACCENT_COLOR_NAME = AccentColor;
				CODE_SIGN_STYLE = Automatic;
				CURRENT_PROJECT_VERSION = 1;
				GENERATE_INFOPLIST_FILE = YES;
				INFOPLIST_FILE = Flixter/Info.plist;
				INFOPLIST_KEY_UIApplicationSupportsIndirectInputEvents = YES;
				INFOPLIST_KEY_UILaunchStoryboardName = LaunchScreen;
				INFOPLIST_KEY_UIMainStoryboardFile = Main;
				INFOPLIST_KEY_UISupportedInterfaceOrientations_iPad = "UIInterfaceOrientationPortrait UIInterfaceOrientationPortraitUpsideDown UIInterfaceOrientationLandscapeLeft UIInterfaceOrientationLandscapeRight";
				INFOPLIST_KEY_UISupportedInterfaceOrientations_iPhone = "UIInterfaceOrientationPortrait UIInterfaceOrientationLandscapeLeft UIInterfaceOrientationLandscapeRight";
				LD_RUNPATH_SEARCH_PATHS = (
					"$(inherited)",
					"@executable_path/Frameworks",
				);
				MARKETING_VERSION = 1.0;
				PRODUCT_BUNDLE_IDENTIFIER = com.maingo.Flixter;
				PRODUCT_NAME = "$(TARGET_NAME)";
				SWIFT_EMIT_LOC_STRINGS = YES;
				TARGETED_DEVICE_FAMILY = "1,2";
			};
			name = Debug;
		};
		D6AB9F3D285BF0E9009C5448 /* Release */ = {
			isa = XCBuildConfiguration;
			baseConfigurationReference = 7396077CF2FE4EE0D1091C09 /* Pods-Flixter.release.xcconfig */;
			buildSettings = {
				ASSETCATALOG_COMPILER_APPICON_NAME = AppIcon;
				ASSETCATALOG_COMPILER_GLOBAL_ACCENT_COLOR_NAME = AccentColor;
				CODE_SIGN_STYLE = Automatic;
				CURRENT_PROJECT_VERSION = 1;
				GENERATE_INFOPLIST_FILE = YES;
				INFOPLIST_FILE = Flixter/Info.plist;
				INFOPLIST_KEY_UIApplicationSupportsIndirectInputEvents = YES;
				INFOPLIST_KEY_UILaunchStoryboardName = LaunchScreen;
				INFOPLIST_KEY_UIMainStoryboardFile = Main;
				INFOPLIST_KEY_UISupportedInterfaceOrientations_iPad = "UIInterfaceOrientationPortrait UIInterfaceOrientationPortraitUpsideDown UIInterfaceOrientationLandscapeLeft UIInterfaceOrientationLandscapeRight";
				INFOPLIST_KEY_UISupportedInterfaceOrientations_iPhone = "UIInterfaceOrientationPortrait UIInterfaceOrientationLandscapeLeft UIInterfaceOrientationLandscapeRight";
				LD_RUNPATH_SEARCH_PATHS = (
					"$(inherited)",
					"@executable_path/Frameworks",
				);
				MARKETING_VERSION = 1.0;
				PRODUCT_BUNDLE_IDENTIFIER = com.maingo.Flixter;
				PRODUCT_NAME = "$(TARGET_NAME)";
				SWIFT_EMIT_LOC_STRINGS = YES;
				TARGETED_DEVICE_FAMILY = "1,2";
			};
			name = Release;
		};
		D6AB9F3F285BF0E9009C5448 /* Debug */ = {
			isa = XCBuildConfiguration;
			baseConfigurationReference = 07F1813631648095F6031507 /* Pods-FlixterTests.debug.xcconfig */;
			buildSettings = {
				BUNDLE_LOADER = "$(TEST_HOST)";
				CODE_SIGN_STYLE = Automatic;
				CURRENT_PROJECT_VERSION = 1;
				GENERATE_INFOPLIST_FILE = YES;
				IPHONEOS_DEPLOYMENT_TARGET = 15.5;
				MARKETING_VERSION = 1.0;
				PRODUCT_BUNDLE_IDENTIFIER = com.maingo.FlixterTests;
				PRODUCT_NAME = "$(TARGET_NAME)";
				SWIFT_EMIT_LOC_STRINGS = NO;
				TARGETED_DEVICE_FAMILY = "1,2";
				TEST_HOST = "$(BUILT_PRODUCTS_DIR)/Flixter.app/Flixter";
			};
			name = Debug;
		};
		D6AB9F40285BF0E9009C5448 /* Release */ = {
			isa = XCBuildConfiguration;
			baseConfigurationReference = 5DA5D2046D85CD1BBB7FB6FA /* Pods-FlixterTests.release.xcconfig */;
			buildSettings = {
				BUNDLE_LOADER = "$(TEST_HOST)";
				CODE_SIGN_STYLE = Automatic;
				CURRENT_PROJECT_VERSION = 1;
				GENERATE_INFOPLIST_FILE = YES;
				IPHONEOS_DEPLOYMENT_TARGET = 15.5;
				MARKETING_VERSION = 1.0;
				PRODUCT_BUNDLE_IDENTIFIER = com.maingo.FlixterTests;
				PRODUCT_NAME = "$(TARGET_NAME)";
				SWIFT_EMIT_LOC_STRINGS = NO;
				TARGETED_DEVICE_FAMILY = "1,2";
				TEST_HOST = "$(BUILT_PRODUCTS_DIR)/Flixter.app/Flixter";
			};
			name = Release;
		};
		D6AB9F42285BF0E9009C5448 /* Debug */ = {
			isa = XCBuildConfiguration;
			baseConfigurationReference = AF401F6E5E2EF4AE86837C36 /* Pods-Flixter-FlixterUITests.debug.xcconfig */;
			buildSettings = {
				CODE_SIGN_STYLE = Automatic;
				CURRENT_PROJECT_VERSION = 1;
				GENERATE_INFOPLIST_FILE = YES;
				MARKETING_VERSION = 1.0;
				PRODUCT_BUNDLE_IDENTIFIER = com.maingo.FlixterUITests;
				PRODUCT_NAME = "$(TARGET_NAME)";
				SWIFT_EMIT_LOC_STRINGS = NO;
				TARGETED_DEVICE_FAMILY = "1,2";
				TEST_TARGET_NAME = Flixter;
			};
			name = Debug;
		};
		D6AB9F43285BF0E9009C5448 /* Release */ = {
			isa = XCBuildConfiguration;
			baseConfigurationReference = C9496F1A2A7DA662F4CCD45F /* Pods-Flixter-FlixterUITests.release.xcconfig */;
			buildSettings = {
				CODE_SIGN_STYLE = Automatic;
				CURRENT_PROJECT_VERSION = 1;
				GENERATE_INFOPLIST_FILE = YES;
				MARKETING_VERSION = 1.0;
				PRODUCT_BUNDLE_IDENTIFIER = com.maingo.FlixterUITests;
				PRODUCT_NAME = "$(TARGET_NAME)";
				SWIFT_EMIT_LOC_STRINGS = NO;
				TARGETED_DEVICE_FAMILY = "1,2";
				TEST_TARGET_NAME = Flixter;
			};
			name = Release;
		};
/* End XCBuildConfiguration section */

/* Begin XCConfigurationList section */
		D6AB9F07285BF0E7009C5448 /* Build configuration list for PBXProject "Flixter" */ = {
			isa = XCConfigurationList;
			buildConfigurations = (
				D6AB9F39285BF0E9009C5448 /* Debug */,
				D6AB9F3A285BF0E9009C5448 /* Release */,
			);
			defaultConfigurationIsVisible = 0;
			defaultConfigurationName = Release;
		};
		D6AB9F3B285BF0E9009C5448 /* Build configuration list for PBXNativeTarget "Flixter" */ = {
			isa = XCConfigurationList;
			buildConfigurations = (
				D6AB9F3C285BF0E9009C5448 /* Debug */,
				D6AB9F3D285BF0E9009C5448 /* Release */,
			);
			defaultConfigurationIsVisible = 0;
			defaultConfigurationName = Release;
		};
		D6AB9F3E285BF0E9009C5448 /* Build configuration list for PBXNativeTarget "FlixterTests" */ = {
			isa = XCConfigurationList;
			buildConfigurations = (
				D6AB9F3F285BF0E9009C5448 /* Debug */,
				D6AB9F40285BF0E9009C5448 /* Release */,
			);
			defaultConfigurationIsVisible = 0;
			defaultConfigurationName = Release;
		};
		D6AB9F41285BF0E9009C5448 /* Build configuration list for PBXNativeTarget "FlixterUITests" */ = {
			isa = XCConfigurationList;
			buildConfigurations = (
				D6AB9F42285BF0E9009C5448 /* Debug */,
				D6AB9F43285BF0E9009C5448 /* Release */,
			);
			defaultConfigurationIsVisible = 0;
			defaultConfigurationName = Release;
		};
/* End XCConfigurationList section */
	};
	rootObject = D6AB9F04285BF0E7009C5448 /* Project object */;
}
